
Microsoft Visual Studio Solution File, Format Version 12.00
# Visual Studio Version 16
VisualStudioVersion = 16.0.29215.179
MinimumVisualStudioVersion = 10.0.40219.1
Project("{FAE04EC0-301F-11D3-BF4B-00C04F79EFBC}") = "kalkulators_wpf", "kalkulators_wpf\kalkulators_wpf.csproj", "{90576276-F850-47C2-A615-34E388BC41A9}"
EndProject
Global
	GlobalSection(SolutionConfigurationPlatforms) = preSolution
		Debug|Any CPU = Debug|Any CPU
		Release|Any CPU = Release|Any CPU
	EndGlobalSection
	GlobalSection(ProjectConfigurationPlatforms) = postSolution
		{90576276-F850-47C2-A615-34E388BC41A9}.Debug|Any CPU.ActiveCfg = Debug|Any CPU
		{90576276-F850-47C2-A615-34E388BC41A9}.Debug|Any CPU.Build.0 = Debug|Any CPU
		{90576276-F850-47C2-A615-34E388BC41A9}.Release|Any CPU.ActiveCfg = Release|Any CPU
		{90576276-F850-47C2-A615-34E388BC41A9}.Release|Any CPU.Build.0 = Release|Any CPU
	EndGlobalSection
	GlobalSection(SolutionProperties) = preSolution
		HideSolutionNode = FALSE
	EndGlobalSection
	GlobalSection(ExtensibilityGlobals) = postSolution
		SolutionGuid = {209AB4F0-CB4E-4F49-8D9D-784ADCA658B4}
	EndGlobalSection
EndGlobal
